
Microsoft Visual Studio Solution File, Format Version 12.00
# Visual Studio Version 17
VisualStudioVersion = 17.0.32112.339
MinimumVisualStudioVersion = 10.0.40219.1
Project("{9A19103F-16F7-4668-BE54-9A1E7A4F7556}") = "EFCore", "EFCore\EFCore.csproj", "{34A0D8C6-8789-4CDD-8F52-E5F152D03575}"
EndProject
Project("{9A19103F-16F7-4668-BE54-9A1E7A4F7556}") = "EFCoreMSTest", "EFCoreMSTest\EFCoreMSTest.csproj", "{AD011E71-A784-4DEF-956B-9A3510CB70C3}"
EndProject
Project("{9A19103F-16F7-4668-BE54-9A1E7A4F7556}") = "EFCoreNUnitTest", "EFCoreNUnitTest\EFCoreNUnitTest.csproj", "{0F87556B-ABFB-4289-8A4B-BF3A7878C9E5}"
EndProject
Project("{9A19103F-16F7-4668-BE54-9A1E7A4F7556}") = "EFCoreXUnit", "EFCoreXUnit\EFCoreXUnit.csproj", "{3F32091C-3510-40B8-A4D1-B5C9817593D5}"
EndProject
Project("{2150E333-8FDC-42A3-9474-1A3956D46DE8}") = "BasicFundation", "BasicFundation", "{1A71E448-2922-4E2B-9606-A46F05675BEC}"
EndProject
Project("{2150E333-8FDC-42A3-9474-1A3956D46DE8}") = "BongoWeb", "BongoWeb", "{9AA0B6B9-9954-4599-8D6B-929B546537D6}"
EndProject
Project("{9A19103F-16F7-4668-BE54-9A1E7A4F7556}") = "Bongo.Core", "Bongo\Bongo.Core\Bongo.Core.csproj", "{6A452E6B-7777-4EDC-AEAC-48ADDD3E3234}"
EndProject
Project("{9A19103F-16F7-4668-BE54-9A1E7A4F7556}") = "Bongo.DataAccess", "Bongo\Bongo.DataAccess\Bongo.DataAccess.csproj", "{D1453D43-0132-4F34-BC0B-849190BD7794}"
EndProject
Project("{9A19103F-16F7-4668-BE54-9A1E7A4F7556}") = "Bongo.Models", "Bongo\Bongo.Models\Bongo.Models.csproj", "{0BEF9A22-1F0D-402A-8CE1-0DC321F39437}"
EndProject
Project("{9A19103F-16F7-4668-BE54-9A1E7A4F7556}") = "Bongo.Web", "Bongo\Bongo.Web\Bongo.Web.csproj", "{3E594B2F-6CA2-42BF-9803-0FB7B621CF13}"
EndProject
Project("{9A19103F-16F7-4668-BE54-9A1E7A4F7556}") = "Bongo.Models.Test", "Bongo.Models.Test\Bongo.Models.Test.csproj", "{EC2D381D-842F-45AA-AE3E-BD9F48C366FC}"
EndProject
Project("{FAE04EC0-301F-11D3-BF4B-00C04F79EFBC}") = "Bongo.DataAccess.Tests", "Bongo.DataAccess.Tests\Bongo.DataAccess.Tests.csproj", "{FA77EFCC-059C-4A17-BDA9-A2CAC0271D3D}"
EndProject
Project("{FAE04EC0-301F-11D3-BF4B-00C04F79EFBC}") = "Bongo.Core.Tests", "Bongo.Core.Tests\Bongo.Core.Tests.csproj", "{5321ACA9-A6B6-4C20-9D12-F6CAA9AA7B16}"
EndProject
Global
	GlobalSection(SolutionConfigurationPlatforms) = preSolution
		Debug|Any CPU = Debug|Any CPU
		Release|Any CPU = Release|Any CPU
	EndGlobalSection
	GlobalSection(ProjectConfigurationPlatforms) = postSolution
		{34A0D8C6-8789-4CDD-8F52-E5F152D03575}.Debug|Any CPU.ActiveCfg = Debug|Any CPU
		{34A0D8C6-8789-4CDD-8F52-E5F152D03575}.Debug|Any CPU.Build.0 = Debug|Any CPU
		{34A0D8C6-8789-4CDD-8F52-E5F152D03575}.Release|Any CPU.ActiveCfg = Release|Any CPU
		{34A0D8C6-8789-4CDD-8F52-E5F152D03575}.Release|Any CPU.Build.0 = Release|Any CPU
		{AD011E71-A784-4DEF-956B-9A3510CB70C3}.Debug|Any CPU.ActiveCfg = Debug|Any CPU
		{AD011E71-A784-4DEF-956B-9A3510CB70C3}.Debug|Any CPU.Build.0 = Debug|Any CPU
		{AD011E71-A784-4DEF-956B-9A3510CB70C3}.Release|Any CPU.ActiveCfg = Release|Any CPU
		{AD011E71-A784-4DEF-956B-9A3510CB70C3}.Release|Any CPU.Build.0 = Release|Any CPU
		{0F87556B-ABFB-4289-8A4B-BF3A7878C9E5}.Debug|Any CPU.ActiveCfg = Debug|Any CPU
		{0F87556B-ABFB-4289-8A4B-BF3A7878C9E5}.Debug|Any CPU.Build.0 = Debug|Any CPU
		{0F87556B-ABFB-4289-8A4B-BF3A7878C9E5}.Release|Any CPU.ActiveCfg = Release|Any CPU
		{0F87556B-ABFB-4289-8A4B-BF3A7878C9E5}.Release|Any CPU.Build.0 = Release|Any CPU
		{3F32091C-3510-40B8-A4D1-B5C9817593D5}.Debug|Any CPU.ActiveCfg = Debug|Any CPU
		{3F32091C-3510-40B8-A4D1-B5C9817593D5}.Debug|Any CPU.Build.0 = Debug|Any CPU
		{3F32091C-3510-40B8-A4D1-B5C9817593D5}.Release|Any CPU.ActiveCfg = Release|Any CPU
		{3F32091C-3510-40B8-A4D1-B5C9817593D5}.Release|Any CPU.Build.0 = Release|Any CPU
		{6A452E6B-7777-4EDC-AEAC-48ADDD3E3234}.Debug|Any CPU.ActiveCfg = Debug|Any CPU
		{6A452E6B-7777-4EDC-AEAC-48ADDD3E3234}.Debug|Any CPU.Build.0 = Debug|Any CPU
		{6A452E6B-7777-4EDC-AEAC-48ADDD3E3234}.Release|Any CPU.ActiveCfg = Release|Any CPU
		{6A452E6B-7777-4EDC-AEAC-48ADDD3E3234}.Release|Any CPU.Build.0 = Release|Any CPU
		{D1453D43-0132-4F34-BC0B-849190BD7794}.Debug|Any CPU.ActiveCfg = Debug|Any CPU
		{D1453D43-0132-4F34-BC0B-849190BD7794}.Debug|Any CPU.Build.0 = Debug|Any CPU
		{D1453D43-0132-4F34-BC0B-849190BD7794}.Release|Any CPU.ActiveCfg = Release|Any CPU
		{D1453D43-0132-4F34-BC0B-849190BD7794}.Release|Any CPU.Build.0 = Release|Any CPU
		{0BEF9A22-1F0D-402A-8CE1-0DC321F39437}.Debug|Any CPU.ActiveCfg = Debug|Any CPU
		{0BEF9A22-1F0D-402A-8CE1-0DC321F39437}.Debug|Any CPU.Build.0 = Debug|Any CPU
		{0BEF9A22-1F0D-402A-8CE1-0DC321F39437}.Release|Any CPU.ActiveCfg = Release|Any CPU
		{0BEF9A22-1F0D-402A-8CE1-0DC321F39437}.Release|Any CPU.Build.0 = Release|Any CPU
		{3E594B2F-6CA2-42BF-9803-0FB7B621CF13}.Debug|Any CPU.ActiveCfg = Debug|Any CPU
		{3E594B2F-6CA2-42BF-9803-0FB7B621CF13}.Debug|Any CPU.Build.0 = Debug|Any CPU
		{3E594B2F-6CA2-42BF-9803-0FB7B621CF13}.Release|Any CPU.ActiveCfg = Release|Any CPU
		{3E594B2F-6CA2-42BF-9803-0FB7B621CF13}.Release|Any CPU.Build.0 = Release|Any CPU
		{EC2D381D-842F-45AA-AE3E-BD9F48C366FC}.Debug|Any CPU.ActiveCfg = Debug|Any CPU
		{EC2D381D-842F-45AA-AE3E-BD9F48C366FC}.Debug|Any CPU.Build.0 = Debug|Any CPU
		{EC2D381D-842F-45AA-AE3E-BD9F48C366FC}.Release|Any CPU.ActiveCfg = Release|Any CPU
		{EC2D381D-842F-45AA-AE3E-BD9F48C366FC}.Release|Any CPU.Build.0 = Release|Any CPU
		{FA77EFCC-059C-4A17-BDA9-A2CAC0271D3D}.Debug|Any CPU.ActiveCfg = Debug|Any CPU
		{FA77EFCC-059C-4A17-BDA9-A2CAC0271D3D}.Debug|Any CPU.Build.0 = Debug|Any CPU
		{FA77EFCC-059C-4A17-BDA9-A2CAC0271D3D}.Release|Any CPU.ActiveCfg = Release|Any CPU
		{FA77EFCC-059C-4A17-BDA9-A2CAC0271D3D}.Release|Any CPU.Build.0 = Release|Any CPU
		{5321ACA9-A6B6-4C20-9D12-F6CAA9AA7B16}.Debug|Any CPU.ActiveCfg = Debug|Any CPU
		{5321ACA9-A6B6-4C20-9D12-F6CAA9AA7B16}.Debug|Any CPU.Build.0 = Debug|Any CPU
		{5321ACA9-A6B6-4C20-9D12-F6CAA9AA7B16}.Release|Any CPU.ActiveCfg = Release|Any CPU
		{5321ACA9-A6B6-4C20-9D12-F6CAA9AA7B16}.Release|Any CPU.Build.0 = Release|Any CPU
	EndGlobalSection
	GlobalSection(SolutionProperties) = preSolution
		HideSolutionNode = FALSE
	EndGlobalSection
	GlobalSection(NestedProjects) = preSolution
		{34A0D8C6-8789-4CDD-8F52-E5F152D03575} = {1A71E448-2922-4E2B-9606-A46F05675BEC}
		{AD011E71-A784-4DEF-956B-9A3510CB70C3} = {1A71E448-2922-4E2B-9606-A46F05675BEC}
		{0F87556B-ABFB-4289-8A4B-BF3A7878C9E5} = {1A71E448-2922-4E2B-9606-A46F05675BEC}
		{3F32091C-3510-40B8-A4D1-B5C9817593D5} = {1A71E448-2922-4E2B-9606-A46F05675BEC}
		{6A452E6B-7777-4EDC-AEAC-48ADDD3E3234} = {9AA0B6B9-9954-4599-8D6B-929B546537D6}
		{D1453D43-0132-4F34-BC0B-849190BD7794} = {9AA0B6B9-9954-4599-8D6B-929B546537D6}
		{0BEF9A22-1F0D-402A-8CE1-0DC321F39437} = {9AA0B6B9-9954-4599-8D6B-929B546537D6}
		{3E594B2F-6CA2-42BF-9803-0FB7B621CF13} = {9AA0B6B9-9954-4599-8D6B-929B546537D6}
		{EC2D381D-842F-45AA-AE3E-BD9F48C366FC} = {9AA0B6B9-9954-4599-8D6B-929B546537D6}
		{FA77EFCC-059C-4A17-BDA9-A2CAC0271D3D} = {9AA0B6B9-9954-4599-8D6B-929B546537D6}
		{5321ACA9-A6B6-4C20-9D12-F6CAA9AA7B16} = {9AA0B6B9-9954-4599-8D6B-929B546537D6}
	EndGlobalSection
	GlobalSection(ExtensibilityGlobals) = postSolution
		SolutionGuid = {D6EA6E2B-9D70-4113-A223-E5CCCBB43365}
	EndGlobalSection
EndGlobal
